// !$*UTF8*$!
{
	archiveVersion = 1;
	classes = {
	};
	objectVersion = 48;
	objects = {

/* Begin PBXBuildFile section */
		652B13661F88A3FC00D127FA /* AppDelegate.swift in Sources */ = {isa = PBXBuildFile; fileRef = 652B13651F88A3FC00D127FA /* AppDelegate.swift */; };
		652B136E1F88A3FC00D127FA /* calhacks4.xcdatamodeld in Sources */ = {isa = PBXBuildFile; fileRef = 652B136C1F88A3FC00D127FA /* calhacks4.xcdatamodeld */; };
		652B13701F88A3FC00D127FA /* Assets.xcassets in Resources */ = {isa = PBXBuildFile; fileRef = 652B136F1F88A3FC00D127FA /* Assets.xcassets */; };
		652B13731F88A3FC00D127FA /* LaunchScreen.storyboard in Resources */ = {isa = PBXBuildFile; fileRef = 652B13711F88A3FC00D127FA /* LaunchScreen.storyboard */; };
		652B137C1F88A66500D127FA /* Router.swift in Sources */ = {isa = PBXBuildFile; fileRef = 652B137B1F88A66500D127FA /* Router.swift */; };
		652B137E1F88A6A500D127FA /* Provider.swift in Sources */ = {isa = PBXBuildFile; fileRef = 652B137D1F88A6A500D127FA /* Provider.swift */; };
		652B13821F88A85200D127FA /* UIImageView+RoundImage.swift in Sources */ = {isa = PBXBuildFile; fileRef = 652B13811F88A85200D127FA /* UIImageView+RoundImage.swift */; };
		65BFE59D1F88B2C000711F69 /* FeedViewController.swift in Sources */ = {isa = PBXBuildFile; fileRef = 65BFE59C1F88B2C000711F69 /* FeedViewController.swift */; };
		B4E0A9406D672E4078B91ED7 /* Pods_calhacks4.framework in Frameworks */ = {isa = PBXBuildFile; fileRef = 45254DD4BB4741D079F13FC0 /* Pods_calhacks4.framework */; };
		D33BCDF11F898B9C006ED252 /* Card.swift in Sources */ = {isa = PBXBuildFile; fileRef = D33BCDF01F898B9C006ED252 /* Card.swift */; };
		D34C91C21F88F7A800C80FC1 /* FeedViewModel.swift in Sources */ = {isa = PBXBuildFile; fileRef = D34C91C11F88F7A800C80FC1 /* FeedViewModel.swift */; };
		D34C91C41F88F7C900C80FC1 /* Article.swift in Sources */ = {isa = PBXBuildFile; fileRef = D34C91C31F88F7C900C80FC1 /* Article.swift */; };
		D34C91C61F88F87F00C80FC1 /* FeedTableViewCell.swift in Sources */ = {isa = PBXBuildFile; fileRef = D34C91C51F88F87F00C80FC1 /* FeedTableViewCell.swift */; };
		D34C91C81F88F97500C80FC1 /* Constants.swift in Sources */ = {isa = PBXBuildFile; fileRef = D34C91C71F88F97500C80FC1 /* Constants.swift */; };
		D34C91CA1F88FC4000C80FC1 /* UITableView+CellHelpers.swift in Sources */ = {isa = PBXBuildFile; fileRef = D34C91C91F88FC4000C80FC1 /* UITableView+CellHelpers.swift */; };
		D3C391EF1F8905AF00CA26CA /* ArticleViewController.swift in Sources */ = {isa = PBXBuildFile; fileRef = D3C391EE1F8905AF00CA26CA /* ArticleViewController.swift */; };
		D3C391F11F894FDF00CA26CA /* SourceView.swift in Sources */ = {isa = PBXBuildFile; fileRef = D3C391F01F894FDF00CA26CA /* SourceView.swift */; };
		D3CBBD7E1F89909C00A37B96 /* SummaryViewController.swift in Sources */ = {isa = PBXBuildFile; fileRef = D3CBBD7D1F89909C00A37B96 /* SummaryViewController.swift */; };
		D3CBBD801F89ABA800A37B96 /* SummaryViewModel.swift in Sources */ = {isa = PBXBuildFile; fileRef = D3CBBD7F1F89ABA800A37B96 /* SummaryViewModel.swift */; };
		FA661D061F898EE90059645C /* Topic.swift in Sources */ = {isa = PBXBuildFile; fileRef = FA661D051F898EE90059645C /* Topic.swift */; };
/* End PBXBuildFile section */

/* Begin PBXFileReference section */
		375AB42E77F5B8162D9628F0 /* Pods-calhacks4.release.xcconfig */ = {isa = PBXFileReference; includeInIndex = 1; lastKnownFileType = text.xcconfig; name = "Pods-calhacks4.release.xcconfig"; path = "Pods/Target Support Files/Pods-calhacks4/Pods-calhacks4.release.xcconfig"; sourceTree = "<group>"; };
		45254DD4BB4741D079F13FC0 /* Pods_calhacks4.framework */ = {isa = PBXFileReference; explicitFileType = wrapper.framework; includeInIndex = 0; path = Pods_calhacks4.framework; sourceTree = BUILT_PRODUCTS_DIR; };
		652B13621F88A3FB00D127FA /* calhacks4.app */ = {isa = PBXFileReference; explicitFileType = wrapper.application; includeInIndex = 0; path = calhacks4.app; sourceTree = BUILT_PRODUCTS_DIR; };
		652B13651F88A3FC00D127FA /* AppDelegate.swift */ = {isa = PBXFileReference; lastKnownFileType = sourcecode.swift; path = AppDelegate.swift; sourceTree = "<group>"; };
		652B136D1F88A3FC00D127FA /* calhacks4.xcdatamodel */ = {isa = PBXFileReference; lastKnownFileType = wrapper.xcdatamodel; path = calhacks4.xcdatamodel; sourceTree = "<group>"; };
		652B136F1F88A3FC00D127FA /* Assets.xcassets */ = {isa = PBXFileReference; lastKnownFileType = folder.assetcatalog; path = Assets.xcassets; sourceTree = "<group>"; };
		652B13721F88A3FC00D127FA /* Base */ = {isa = PBXFileReference; lastKnownFileType = file.storyboard; name = Base; path = Base.lproj/LaunchScreen.storyboard; sourceTree = "<group>"; };
		652B13741F88A3FC00D127FA /* Info.plist */ = {isa = PBXFileReference; lastKnownFileType = text.plist.xml; path = Info.plist; sourceTree = "<group>"; };
		652B137B1F88A66500D127FA /* Router.swift */ = {isa = PBXFileReference; lastKnownFileType = sourcecode.swift; path = Router.swift; sourceTree = "<group>"; };
		652B137D1F88A6A500D127FA /* Provider.swift */ = {isa = PBXFileReference; lastKnownFileType = sourcecode.swift; path = Provider.swift; sourceTree = "<group>"; };
		652B13811F88A85200D127FA /* UIImageView+RoundImage.swift */ = {isa = PBXFileReference; lastKnownFileType = sourcecode.swift; path = "UIImageView+RoundImage.swift"; sourceTree = "<group>"; };
		65BFE59C1F88B2C000711F69 /* FeedViewController.swift */ = {isa = PBXFileReference; lastKnownFileType = sourcecode.swift; path = FeedViewController.swift; sourceTree = "<group>"; };
		D2F1547557832C30C7B2875D /* Pods-calhacks4.debug.xcconfig */ = {isa = PBXFileReference; includeInIndex = 1; lastKnownFileType = text.xcconfig; name = "Pods-calhacks4.debug.xcconfig"; path = "Pods/Target Support Files/Pods-calhacks4/Pods-calhacks4.debug.xcconfig"; sourceTree = "<group>"; };
		D33BCDF01F898B9C006ED252 /* Card.swift */ = {isa = PBXFileReference; lastKnownFileType = sourcecode.swift; name = Card.swift; path = calhacks4/Controllers/Card.swift; sourceTree = SOURCE_ROOT; };
		D34C91C11F88F7A800C80FC1 /* FeedViewModel.swift */ = {isa = PBXFileReference; lastKnownFileType = sourcecode.swift; path = FeedViewModel.swift; sourceTree = "<group>"; };
		D34C91C31F88F7C900C80FC1 /* Article.swift */ = {isa = PBXFileReference; lastKnownFileType = sourcecode.swift; name = Article.swift; path = calhacks4/Controllers/Article.swift; sourceTree = SOURCE_ROOT; };
		D34C91C51F88F87F00C80FC1 /* FeedTableViewCell.swift */ = {isa = PBXFileReference; lastKnownFileType = sourcecode.swift; name = FeedTableViewCell.swift; path = calhacks4/Controllers/FeedTableViewCell.swift; sourceTree = SOURCE_ROOT; };
		D34C91C71F88F97500C80FC1 /* Constants.swift */ = {isa = PBXFileReference; lastKnownFileType = sourcecode.swift; path = Constants.swift; sourceTree = "<group>"; };
		D34C91C91F88FC4000C80FC1 /* UITableView+CellHelpers.swift */ = {isa = PBXFileReference; lastKnownFileType = sourcecode.swift; name = "UITableView+CellHelpers.swift"; path = "calhacks4/UITableView+CellHelpers.swift"; sourceTree = SOURCE_ROOT; };
		D3C391EE1F8905AF00CA26CA /* ArticleViewController.swift */ = {isa = PBXFileReference; lastKnownFileType = sourcecode.swift; path = ArticleViewController.swift; sourceTree = "<group>"; };
		D3C391F01F894FDF00CA26CA /* SourceView.swift */ = {isa = PBXFileReference; lastKnownFileType = sourcecode.swift; name = SourceView.swift; path = calhacks4/Controllers/SourceView.swift; sourceTree = SOURCE_ROOT; };
		D3CBBD7D1F89909C00A37B96 /* SummaryViewController.swift */ = {isa = PBXFileReference; lastKnownFileType = sourcecode.swift; path = SummaryViewController.swift; sourceTree = "<group>"; };
		D3CBBD7F1F89ABA800A37B96 /* SummaryViewModel.swift */ = {isa = PBXFileReference; lastKnownFileType = sourcecode.swift; path = SummaryViewModel.swift; sourceTree = "<group>"; };
		FA661D051F898EE90059645C /* Topic.swift */ = {isa = PBXFileReference; lastKnownFileType = sourcecode.swift; path = Topic.swift; sourceTree = "<group>"; };
/* End PBXFileReference section */

/* Begin PBXFrameworksBuildPhase section */
		652B135F1F88A3FB00D127FA /* Frameworks */ = {
			isa = PBXFrameworksBuildPhase;
			buildActionMask = 2147483647;
			files = (
				B4E0A9406D672E4078B91ED7 /* Pods_calhacks4.framework in Frameworks */,
			);
			runOnlyForDeploymentPostprocessing = 0;
		};
/* End PBXFrameworksBuildPhase section */

/* Begin PBXGroup section */
		0FFDC3A4B4260E4284B0BAF9 /* Frameworks */ = {
			isa = PBXGroup;
			children = (
				45254DD4BB4741D079F13FC0 /* Pods_calhacks4.framework */,
			);
			name = Frameworks;
			sourceTree = "<group>";
		};
		652B13591F88A3FB00D127FA = {
			isa = PBXGroup;
			children = (
				652B13641F88A3FB00D127FA /* calhacks4 */,
				652B13631F88A3FB00D127FA /* Products */,
				7BD897D7ADAF598DADC88F38 /* Pods */,
				0FFDC3A4B4260E4284B0BAF9 /* Frameworks */,
			);
			sourceTree = "<group>";
		};
		652B13631F88A3FB00D127FA /* Products */ = {
			isa = PBXGroup;
			children = (
				652B13621F88A3FB00D127FA /* calhacks4.app */,
			);
			name = Products;
			sourceTree = "<group>";
		};
		652B13641F88A3FB00D127FA /* calhacks4 */ = {
			isa = PBXGroup;
			children = (
				65BFE5981F88B2AF00711F69 /* Controllers */,
				65BFE5991F88B2AF00711F69 /* Models */,
				65BFE59B1F88B2AF00711F69 /* Services */,
				65BFE59A1F88B2AF00711F69 /* Views */,
				652B137F1F88A83B00D127FA /* Extensions */,
				652B13801F88A83B00D127FA /* Utilities */,
				652B137A1F88A65200D127FA /* Networking */,
				652B13651F88A3FC00D127FA /* AppDelegate.swift */,
				652B136F1F88A3FC00D127FA /* Assets.xcassets */,
				652B13711F88A3FC00D127FA /* LaunchScreen.storyboard */,
				652B13741F88A3FC00D127FA /* Info.plist */,
				652B136C1F88A3FC00D127FA /* calhacks4.xcdatamodeld */,
				D34C91C71F88F97500C80FC1 /* Constants.swift */,
			);
			path = calhacks4;
			sourceTree = "<group>";
		};
		652B137A1F88A65200D127FA /* Networking */ = {
			isa = PBXGroup;
			children = (
				652B137B1F88A66500D127FA /* Router.swift */,
				652B137D1F88A6A500D127FA /* Provider.swift */,
			);
			path = Networking;
			sourceTree = "<group>";
		};
		652B137F1F88A83B00D127FA /* Extensions */ = {
			isa = PBXGroup;
			children = (
				652B13811F88A85200D127FA /* UIImageView+RoundImage.swift */,
			);
			path = Extensions;
			sourceTree = "<group>";
		};
		652B13801F88A83B00D127FA /* Utilities */ = {
			isa = PBXGroup;
			children = (
				D34C91C91F88FC4000C80FC1 /* UITableView+CellHelpers.swift */,
			);
			path = Utilities;
			sourceTree = "<group>";
		};
		65BFE5981F88B2AF00711F69 /* Controllers */ = {
			isa = PBXGroup;
			children = (
				65BFE59C1F88B2C000711F69 /* FeedViewController.swift */,
				D34C91C11F88F7A800C80FC1 /* FeedViewModel.swift */,
				D3C391EE1F8905AF00CA26CA /* ArticleViewController.swift */,
				D3CBBD7D1F89909C00A37B96 /* SummaryViewController.swift */,
				D3CBBD7F1F89ABA800A37B96 /* SummaryViewModel.swift */,
			);
			path = Controllers;
			sourceTree = "<group>";
		};
		65BFE5991F88B2AF00711F69 /* Models */ = {
			isa = PBXGroup;
			children = (
				FA661D051F898EE90059645C /* Topic.swift */,
				D34C91C31F88F7C900C80FC1 /* Article.swift */,
			);
			path = Models;
			sourceTree = "<group>";
		};
		65BFE59A1F88B2AF00711F69 /* Views */ = {
			isa = PBXGroup;
			children = (
				D34C91C51F88F87F00C80FC1 /* FeedTableViewCell.swift */,
				D3C391F01F894FDF00CA26CA /* SourceView.swift */,
				D33BCDF01F898B9C006ED252 /* Card.swift */,
			);
			path = Views;
			sourceTree = "<group>";
		};
		65BFE59B1F88B2AF00711F69 /* Services */ = {
			isa = PBXGroup;
			children = (
			);
			path = Services;
			sourceTree = "<group>";
		};
		7BD897D7ADAF598DADC88F38 /* Pods */ = {
			isa = PBXGroup;
			children = (
				D2F1547557832C30C7B2875D /* Pods-calhacks4.debug.xcconfig */,
				375AB42E77F5B8162D9628F0 /* Pods-calhacks4.release.xcconfig */,
			);
			name = Pods;
			sourceTree = "<group>";
		};
/* End PBXGroup section */

/* Begin PBXNativeTarget section */
		652B13611F88A3FB00D127FA /* calhacks4 */ = {
			isa = PBXNativeTarget;
			buildConfigurationList = 652B13771F88A3FC00D127FA /* Build configuration list for PBXNativeTarget "calhacks4" */;
			buildPhases = (
				0106DF5EA0D0F7D64525F287 /* [CP] Check Pods Manifest.lock */,
				652B135E1F88A3FB00D127FA /* Sources */,
				652B135F1F88A3FB00D127FA /* Frameworks */,
				652B13601F88A3FB00D127FA /* Resources */,
				8925CC4AD56873A75D9DD2E9 /* [CP] Embed Pods Frameworks */,
				D4910FE010969ED517DEFB33 /* [CP] Copy Pods Resources */,
			);
			buildRules = (
			);
			dependencies = (
			);
			name = calhacks4;
			productName = calhacks4;
			productReference = 652B13621F88A3FB00D127FA /* calhacks4.app */;
			productType = "com.apple.product-type.application";
		};
/* End PBXNativeTarget section */

/* Begin PBXProject section */
		652B135A1F88A3FB00D127FA /* Project object */ = {
			isa = PBXProject;
			attributes = {
				LastSwiftUpdateCheck = 0900;
				LastUpgradeCheck = 0900;
				ORGANIZATIONNAME = "Nick Swift";
				TargetAttributes = {
					652B13611F88A3FB00D127FA = {
						CreatedOnToolsVersion = 9.0;
						ProvisioningStyle = Automatic;
					};
				};
			};
			buildConfigurationList = 652B135D1F88A3FB00D127FA /* Build configuration list for PBXProject "calhacks4" */;
			compatibilityVersion = "Xcode 8.0";
			developmentRegion = en;
			hasScannedForEncodings = 0;
			knownRegions = (
				en,
				Base,
			);
			mainGroup = 652B13591F88A3FB00D127FA;
			productRefGroup = 652B13631F88A3FB00D127FA /* Products */;
			projectDirPath = "";
			projectRoot = "";
			targets = (
				652B13611F88A3FB00D127FA /* calhacks4 */,
			);
		};
/* End PBXProject section */

/* Begin PBXResourcesBuildPhase section */
		652B13601F88A3FB00D127FA /* Resources */ = {
			isa = PBXResourcesBuildPhase;
			buildActionMask = 2147483647;
			files = (
				652B13731F88A3FC00D127FA /* LaunchScreen.storyboard in Resources */,
				652B13701F88A3FC00D127FA /* Assets.xcassets in Resources */,
			);
			runOnlyForDeploymentPostprocessing = 0;
		};
/* End PBXResourcesBuildPhase section */

/* Begin PBXShellScriptBuildPhase section */
		0106DF5EA0D0F7D64525F287 /* [CP] Check Pods Manifest.lock */ = {
			isa = PBXShellScriptBuildPhase;
			buildActionMask = 2147483647;
			files = (
			);
			inputPaths = (
				"${PODS_PODFILE_DIR_PATH}/Podfile.lock",
				"${PODS_ROOT}/Manifest.lock",
			);
			name = "[CP] Check Pods Manifest.lock";
			outputPaths = (
				"$(DERIVED_FILE_DIR)/Pods-calhacks4-checkManifestLockResult.txt",
			);
			runOnlyForDeploymentPostprocessing = 0;
			shellPath = /bin/sh;
			shellScript = "diff \"${PODS_PODFILE_DIR_PATH}/Podfile.lock\" \"${PODS_ROOT}/Manifest.lock\" > /dev/null\nif [ $? != 0 ] ; then\n    # print error to STDERR\n    echo \"error: The sandbox is not in sync with the Podfile.lock. Run 'pod install' or update your CocoaPods installation.\" >&2\n    exit 1\nfi\n";
			showEnvVarsInLog = 0;
		};
		8925CC4AD56873A75D9DD2E9 /* [CP] Embed Pods Frameworks */ = {
			isa = PBXShellScriptBuildPhase;
			buildActionMask = 2147483647;
			files = (
			);
			inputPaths = (
				"${SRCROOT}/Pods/Target Support Files/Pods-calhacks4/Pods-calhacks4-frameworks.sh",
				"${BUILT_PRODUCTS_DIR}/Alamofire/Alamofire.framework",
				"${BUILT_PRODUCTS_DIR}/AlamofireImage/AlamofireImage.framework",
			);
			name = "[CP] Embed Pods Frameworks";
			outputPaths = (
				"${TARGET_BUILD_DIR}/${FRAMEWORKS_FOLDER_PATH}/Alamofire.framework",
				"${TARGET_BUILD_DIR}/${FRAMEWORKS_FOLDER_PATH}/AlamofireImage.framework",
			);
			runOnlyForDeploymentPostprocessing = 0;
			shellPath = /bin/sh;
			shellScript = "\"${SRCROOT}/Pods/Target Support Files/Pods-calhacks4/Pods-calhacks4-frameworks.sh\"\n";
			showEnvVarsInLog = 0;
		};
		D4910FE010969ED517DEFB33 /* [CP] Copy Pods Resources */ = {
			isa = PBXShellScriptBuildPhase;
			buildActionMask = 2147483647;
			files = (
			);
			inputPaths = (
			);
			name = "[CP] Copy Pods Resources";
			outputPaths = (
			);
			runOnlyForDeploymentPostprocessing = 0;
			shellPath = /bin/sh;
			shellScript = "\"${SRCROOT}/Pods/Target Support Files/Pods-calhacks4/Pods-calhacks4-resources.sh\"\n";
			showEnvVarsInLog = 0;
		};
/* End PBXShellScriptBuildPhase section */

/* Begin PBXSourcesBuildPhase section */
		652B135E1F88A3FB00D127FA /* Sources */ = {
			isa = PBXSourcesBuildPhase;
			buildActionMask = 2147483647;
			files = (
				D34C91C21F88F7A800C80FC1 /* FeedViewModel.swift in Sources */,
				D3C391EF1F8905AF00CA26CA /* ArticleViewController.swift in Sources */,
				D3CBBD801F89ABA800A37B96 /* SummaryViewModel.swift in Sources */,
				D34C91CA1F88FC4000C80FC1 /* UITableView+CellHelpers.swift in Sources */,
				FA661D061F898EE90059645C /* Topic.swift in Sources */,
				65BFE59D1F88B2C000711F69 /* FeedViewController.swift in Sources */,
				652B137C1F88A66500D127FA /* Router.swift in Sources */,
				652B13821F88A85200D127FA /* UIImageView+RoundImage.swift in Sources */,
				D34C91C41F88F7C900C80FC1 /* Article.swift in Sources */,
				D3C391F11F894FDF00CA26CA /* SourceView.swift in Sources */,
				D34C91C81F88F97500C80FC1 /* Constants.swift in Sources */,
				D33BCDF11F898B9C006ED252 /* Card.swift in Sources */,
				652B13661F88A3FC00D127FA /* AppDelegate.swift in Sources */,
				652B137E1F88A6A500D127FA /* Provider.swift in Sources */,
				D34C91C61F88F87F00C80FC1 /* FeedTableViewCell.swift in Sources */,
				652B136E1F88A3FC00D127FA /* calhacks4.xcdatamodeld in Sources */,
				D3CBBD7E1F89909C00A37B96 /* SummaryViewController.swift in Sources */,
			);
			runOnlyForDeploymentPostprocessing = 0;
		};
/* End PBXSourcesBuildPhase section */

/* Begin PBXVariantGroup section */
		652B13711F88A3FC00D127FA /* LaunchScreen.storyboard */ = {
			isa = PBXVariantGroup;
			children = (
				652B13721F88A3FC00D127FA /* Base */,
			);
			name = LaunchScreen.storyboard;
			sourceTree = "<group>";
		};
/* End PBXVariantGroup section */

/* Begin XCBuildConfiguration section */
		652B13751F88A3FC00D127FA /* Debug */ = {
			isa = XCBuildConfiguration;
			buildSettings = {
				ALWAYS_SEARCH_USER_PATHS = NO;
				CLANG_ANALYZER_NONNULL = YES;
				CLANG_ANALYZER_NUMBER_OBJECT_CONVERSION = YES_AGGRESSIVE;
				CLANG_CXX_LANGUAGE_STANDARD = "gnu++14";
				CLANG_CXX_LIBRARY = "libc++";
				CLANG_ENABLE_MODULES = YES;
				CLANG_ENABLE_OBJC_ARC = YES;
				CLANG_WARN_BLOCK_CAPTURE_AUTORELEASING = YES;
				CLANG_WARN_BOOL_CONVERSION = YES;
				CLANG_WARN_COMMA = YES;
				CLANG_WARN_CONSTANT_CONVERSION = YES;
				CLANG_WARN_DIRECT_OBJC_ISA_USAGE = YES_ERROR;
				CLANG_WARN_DOCUMENTATION_COMMENTS = YES;
				CLANG_WARN_EMPTY_BODY = YES;
				CLANG_WARN_ENUM_CONVERSION = YES;
				CLANG_WARN_INFINITE_RECURSION = YES;
				CLANG_WARN_INT_CONVERSION = YES;
				CLANG_WARN_NON_LITERAL_NULL_CONVERSION = YES;
				CLANG_WARN_OBJC_LITERAL_CONVERSION = YES;
				CLANG_WARN_OBJC_ROOT_CLASS = YES_ERROR;
				CLANG_WARN_RANGE_LOOP_ANALYSIS = YES;
				CLANG_WARN_STRICT_PROTOTYPES = YES;
				CLANG_WARN_SUSPICIOUS_MOVE = YES;
				CLANG_WARN_UNGUARDED_AVAILABILITY = YES_AGGRESSIVE;
				CLANG_WARN_UNREACHABLE_CODE = YES;
				CLANG_WARN__DUPLICATE_METHOD_MATCH = YES;
				CODE_SIGN_IDENTITY = "iPhone Developer";
				COPY_PHASE_STRIP = NO;
				DEBUG_INFORMATION_FORMAT = dwarf;
				ENABLE_STRICT_OBJC_MSGSEND = YES;
				ENABLE_TESTABILITY = YES;
				GCC_C_LANGUAGE_STANDARD = gnu11;
				GCC_DYNAMIC_NO_PIC = NO;
				GCC_NO_COMMON_BLOCKS = YES;
				GCC_OPTIMIZATION_LEVEL = 0;
				GCC_PREPROCESSOR_DEFINITIONS = (
					"DEBUG=1",
					"$(inherited)",
				);
				GCC_WARN_64_TO_32_BIT_CONVERSION = YES;
				GCC_WARN_ABOUT_RETURN_TYPE = YES_ERROR;
				GCC_WARN_UNDECLARED_SELECTOR = YES;
				GCC_WARN_UNINITIALIZED_AUTOS = YES_AGGRESSIVE;
				GCC_WARN_UNUSED_FUNCTION = YES;
				GCC_WARN_UNUSED_VARIABLE = YES;
				IPHONEOS_DEPLOYMENT_TARGET = 11.0;
				MTL_ENABLE_DEBUG_INFO = YES;
				ONLY_ACTIVE_ARCH = YES;
				SDKROOT = iphoneos;
				SWIFT_ACTIVE_COMPILATION_CONDITIONS = DEBUG;
				SWIFT_OPTIMIZATION_LEVEL = "-Onone";
			};
			name = Debug;
		};
		652B13761F88A3FC00D127FA /* Release */ = {
			isa = XCBuildConfiguration;
			buildSettings = {
				ALWAYS_SEARCH_USER_PATHS = NO;
				CLANG_ANALYZER_NONNULL = YES;
				CLANG_ANALYZER_NUMBER_OBJECT_CONVERSION = YES_AGGRESSIVE;
				CLANG_CXX_LANGUAGE_STANDARD = "gnu++14";
				CLANG_CXX_LIBRARY = "libc++";
				CLANG_ENABLE_MODULES = YES;
				CLANG_ENABLE_OBJC_ARC = YES;
				CLANG_WARN_BLOCK_CAPTURE_AUTORELEASING = YES;
				CLANG_WARN_BOOL_CONVERSION = YES;
				CLANG_WARN_COMMA = YES;
				CLANG_WARN_CONSTANT_CONVERSION = YES;
				CLANG_WARN_DIRECT_OBJC_ISA_USAGE = YES_ERROR;
				CLANG_WARN_DOCUMENTATION_COMMENTS = YES;
				CLANG_WARN_EMPTY_BODY = YES;
				CLANG_WARN_ENUM_CONVERSION = YES;
				CLANG_WARN_INFINITE_RECURSION = YES;
				CLANG_WARN_INT_CONVERSION = YES;
				CLANG_WARN_NON_LITERAL_NULL_CONVERSION = YES;
				CLANG_WARN_OBJC_LITERAL_CONVERSION = YES;
				CLANG_WARN_OBJC_ROOT_CLASS = YES_ERROR;
				CLANG_WARN_RANGE_LOOP_ANALYSIS = YES;
				CLANG_WARN_STRICT_PROTOTYPES = YES;
				CLANG_WARN_SUSPICIOUS_MOVE = YES;
				CLANG_WARN_UNGUARDED_AVAILABILITY = YES_AGGRESSIVE;
				CLANG_WARN_UNREACHABLE_CODE = YES;
				CLANG_WARN__DUPLICATE_METHOD_MATCH = YES;
				CODE_SIGN_IDENTITY = "iPhone Developer";
				COPY_PHASE_STRIP = NO;
				DEBUG_INFORMATION_FORMAT = "dwarf-with-dsym";
				ENABLE_NS_ASSERTIONS = NO;
				ENABLE_STRICT_OBJC_MSGSEND = YES;
				GCC_C_LANGUAGE_STANDARD = gnu11;
				GCC_NO_COMMON_BLOCKS = YES;
				GCC_WARN_64_TO_32_BIT_CONVERSION = YES;
				GCC_WARN_ABOUT_RETURN_TYPE = YES_ERROR;
				GCC_WARN_UNDECLARED_SELECTOR = YES;
				GCC_WARN_UNINITIALIZED_AUTOS = YES_AGGRESSIVE;
				GCC_WARN_UNUSED_FUNCTION = YES;
				GCC_WARN_UNUSED_VARIABLE = YES;
				IPHONEOS_DEPLOYMENT_TARGET = 11.0;
				MTL_ENABLE_DEBUG_INFO = NO;
				SDKROOT = iphoneos;
				SWIFT_OPTIMIZATION_LEVEL = "-Owholemodule";
				VALIDATE_PRODUCT = YES;
			};
			name = Release;
		};
		652B13781F88A3FC00D127FA /* Debug */ = {
			isa = XCBuildConfiguration;
			baseConfigurationReference = D2F1547557832C30C7B2875D /* Pods-calhacks4.debug.xcconfig */;
			buildSettings = {
				ASSETCATALOG_COMPILER_APPICON_NAME = AppIcon;
				"CODE_SIGN_IDENTITY[sdk=iphoneos*]" = "iPhone Developer";
				CODE_SIGN_STYLE = Automatic;
				DEVELOPMENT_TEAM = E2G7ZKJKQ5;
				INFOPLIST_FILE = calhacks4/Info.plist;
				LD_RUNPATH_SEARCH_PATHS = "$(inherited) @executable_path/Frameworks";
				PRODUCT_BUNDLE_IDENTIFIER = com.alexanderdejeu.calhacks4;
				PRODUCT_NAME = "$(TARGET_NAME)";
				PROVISIONING_PROFILE_SPECIFIER = "";
				SWIFT_VERSION = 4.0;
				TARGETED_DEVICE_FAMILY = "1,2";
			};
			name = Debug;
		};
		652B13791F88A3FC00D127FA /* Release */ = {
			isa = XCBuildConfiguration;
			baseConfigurationReference = 375AB42E77F5B8162D9628F0 /* Pods-calhacks4.release.xcconfig */;
			buildSettings = {
				ASSETCATALOG_COMPILER_APPICON_NAME = AppIcon;
				"CODE_SIGN_IDENTITY[sdk=iphoneos*]" = "iPhone Developer";
				CODE_SIGN_STYLE = Automatic;
				DEVELOPMENT_TEAM = E2G7ZKJKQ5;
				INFOPLIST_FILE = calhacks4/Info.plist;
				LD_RUNPATH_SEARCH_PATHS = "$(inherited) @executable_path/Frameworks";
				PRODUCT_BUNDLE_IDENTIFIER = com.alexanderdejeu.calhacks4;
				PRODUCT_NAME = "$(TARGET_NAME)";
				PROVISIONING_PROFILE_SPECIFIER = "";
				SWIFT_VERSION = 4.0;
				TARGETED_DEVICE_FAMILY = "1,2";
			};
			name = Release;
		};
/* End XCBuildConfiguration section */

/* Begin XCConfigurationList section */
		652B135D1F88A3FB00D127FA /* Build configuration list for PBXProject "calhacks4" */ = {
			isa = XCConfigurationList;
			buildConfigurations = (
				652B13751F88A3FC00D127FA /* Debug */,
				652B13761F88A3FC00D127FA /* Release */,
			);
			defaultConfigurationIsVisible = 0;
			defaultConfigurationName = Release;
		};
		652B13771F88A3FC00D127FA /* Build configuration list for PBXNativeTarget "calhacks4" */ = {
			isa = XCConfigurationList;
			buildConfigurations = (
				652B13781F88A3FC00D127FA /* Debug */,
				652B13791F88A3FC00D127FA /* Release */,
			);
			defaultConfigurationIsVisible = 0;
			defaultConfigurationName = Release;
		};
/* End XCConfigurationList section */

/* Begin XCVersionGroup section */
		652B136C1F88A3FC00D127FA /* calhacks4.xcdatamodeld */ = {
			isa = XCVersionGroup;
			children = (
				652B136D1F88A3FC00D127FA /* calhacks4.xcdatamodel */,
			);
			currentVersion = 652B136D1F88A3FC00D127FA /* calhacks4.xcdatamodel */;
			path = calhacks4.xcdatamodeld;
			sourceTree = "<group>";
			versionGroupType = wrapper.xcdatamodel;
		};
/* End XCVersionGroup section */
	};
	rootObject = 652B135A1F88A3FB00D127FA /* Project object */;
}
